
Microsoft Visual Studio Solution File, Format Version 11.00
# Visual Studio 2010
Project("{FAE04EC0-301F-11D3-BF4B-00C04F79EFBC}") = "WebApplication_Test", "WebApplication_Test\WebApplication_Test.csproj", "{092D23E9-04A0-4216-855C-1E7443962485}"
EndProject
Project("{FAE04EC0-301F-11D3-BF4B-00C04F79EFBC}") = "WebApplication_Test2", "WebApplication_Test2\WebApplication_Test2.csproj", "{BF009BE4-0D2E-49BD-A73F-67DF539C57BB}"
EndProject
Project("{FAE04EC0-301F-11D3-BF4B-00C04F79EFBC}") = "ConsoleApplication_Test", "ConsoleApplication_Test\ConsoleApplication_Test.csproj", "{04547743-7876-411B-9A81-CDDD6DC30A41}"
EndProject
Global
	GlobalSection(SolutionConfigurationPlatforms) = preSolution
		Debug|Any CPU = Debug|Any CPU
		Debug|Mixed Platforms = Debug|Mixed Platforms
		Debug|x86 = Debug|x86
		Release|Any CPU = Release|Any CPU
		Release|Mixed Platforms = Release|Mixed Platforms
		Release|x86 = Release|x86
	EndGlobalSection
	GlobalSection(ProjectConfigurationPlatforms) = postSolution
		{092D23E9-04A0-4216-855C-1E7443962485}.Debug|Any CPU.ActiveCfg = Debug|Any CPU
		{092D23E9-04A0-4216-855C-1E7443962485}.Debug|Any CPU.Build.0 = Debug|Any CPU
		{092D23E9-04A0-4216-855C-1E7443962485}.Debug|Mixed Platforms.ActiveCfg = Debug|Any CPU
		{092D23E9-04A0-4216-855C-1E7443962485}.Debug|Mixed Platforms.Build.0 = Debug|Any CPU
		{092D23E9-04A0-4216-855C-1E7443962485}.Debug|x86.ActiveCfg = Debug|Any CPU
		{092D23E9-04A0-4216-855C-1E7443962485}.Release|Any CPU.ActiveCfg = Release|Any CPU
		{092D23E9-04A0-4216-855C-1E7443962485}.Release|Any CPU.Build.0 = Release|Any CPU
		{092D23E9-04A0-4216-855C-1E7443962485}.Release|Mixed Platforms.ActiveCfg = Release|Any CPU
		{092D23E9-04A0-4216-855C-1E7443962485}.Release|Mixed Platforms.Build.0 = Release|Any CPU
		{092D23E9-04A0-4216-855C-1E7443962485}.Release|x86.ActiveCfg = Release|Any CPU
		{BF009BE4-0D2E-49BD-A73F-67DF539C57BB}.Debug|Any CPU.ActiveCfg = Debug|Any CPU
		{BF009BE4-0D2E-49BD-A73F-67DF539C57BB}.Debug|Any CPU.Build.0 = Debug|Any CPU
		{BF009BE4-0D2E-49BD-A73F-67DF539C57BB}.Debug|Mixed Platforms.ActiveCfg = Debug|Any CPU
		{BF009BE4-0D2E-49BD-A73F-67DF539C57BB}.Debug|Mixed Platforms.Build.0 = Debug|Any CPU
		{BF009BE4-0D2E-49BD-A73F-67DF539C57BB}.Debug|x86.ActiveCfg = Debug|Any CPU
		{BF009BE4-0D2E-49BD-A73F-67DF539C57BB}.Release|Any CPU.ActiveCfg = Release|Any CPU
		{BF009BE4-0D2E-49BD-A73F-67DF539C57BB}.Release|Any CPU.Build.0 = Release|Any CPU
		{BF009BE4-0D2E-49BD-A73F-67DF539C57BB}.Release|Mixed Platforms.ActiveCfg = Release|Any CPU
		{BF009BE4-0D2E-49BD-A73F-67DF539C57BB}.Release|Mixed Platforms.Build.0 = Release|Any CPU
		{BF009BE4-0D2E-49BD-A73F-67DF539C57BB}.Release|x86.ActiveCfg = Release|Any CPU
		{04547743-7876-411B-9A81-CDDD6DC30A41}.Debug|Any CPU.ActiveCfg = Debug|x86
		{04547743-7876-411B-9A81-CDDD6DC30A41}.Debug|Mixed Platforms.ActiveCfg = Debug|x86
		{04547743-7876-411B-9A81-CDDD6DC30A41}.Debug|Mixed Platforms.Build.0 = Debug|x86
		{04547743-7876-411B-9A81-CDDD6DC30A41}.Debug|x86.ActiveCfg = Debug|x86
		{04547743-7876-411B-9A81-CDDD6DC30A41}.Debug|x86.Build.0 = Debug|x86
		{04547743-7876-411B-9A81-CDDD6DC30A41}.Release|Any CPU.ActiveCfg = Release|x86
		{04547743-7876-411B-9A81-CDDD6DC30A41}.Release|Mixed Platforms.ActiveCfg = Release|x86
		{04547743-7876-411B-9A81-CDDD6DC30A41}.Release|Mixed Platforms.Build.0 = Release|x86
		{04547743-7876-411B-9A81-CDDD6DC30A41}.Release|x86.ActiveCfg = Release|x86
		{04547743-7876-411B-9A81-CDDD6DC30A41}.Release|x86.Build.0 = Release|x86
	EndGlobalSection
	GlobalSection(SolutionProperties) = preSolution
		HideSolutionNode = FALSE
	EndGlobalSection
EndGlobal
