
Microsoft Visual Studio Solution File, Format Version 11.00
# Visual Studio 2010
Project("{FAE04EC0-301F-11D3-BF4B-00C04F79EFBC}") = "ConsoleApplication_InstallTest", "ConsoleApplication_InstallTest\ConsoleApplication_InstallTest.csproj", "{F5BA9593-57CE-4A65-AC87-6CE3A71DBB0F}"
EndProject
Global
	GlobalSection(SolutionConfigurationPlatforms) = preSolution
		Debug|x86 = Debug|x86
		Release|x86 = Release|x86
	EndGlobalSection
	GlobalSection(ProjectConfigurationPlatforms) = postSolution
		{F5BA9593-57CE-4A65-AC87-6CE3A71DBB0F}.Debug|x86.ActiveCfg = Debug|x86
		{F5BA9593-57CE-4A65-AC87-6CE3A71DBB0F}.Debug|x86.Build.0 = Debug|x86
		{F5BA9593-57CE-4A65-AC87-6CE3A71DBB0F}.Release|x86.ActiveCfg = Release|x86
		{F5BA9593-57CE-4A65-AC87-6CE3A71DBB0F}.Release|x86.Build.0 = Release|x86
	EndGlobalSection
	GlobalSection(SolutionProperties) = preSolution
		HideSolutionNode = FALSE
	EndGlobalSection
EndGlobal
