
Microsoft Visual Studio Solution File, Format Version 11.00
# Visual Studio 2010
Project("{FAE04EC0-301F-11D3-BF4B-00C04F79EFBC}") = "ConsoleApplication_InstallTest", "ConsoleApplication_InstallTest\ConsoleApplication_InstallTest.csproj", "{F5BA9593-57CE-4A65-AC87-6CE3A71DBB0F}"
EndProject
Project("{FAE04EC0-301F-11D3-BF4B-00C04F79EFBC}") = "ClassLibrary1", "ClassLibrary1\ClassLibrary1.csproj", "{07BD827B-C6E4-449D-A6AC-415B81329578}"
EndProject
Project("{FAE04EC0-301F-11D3-BF4B-00C04F79EFBC}") = "ClassLibrary2", "ClassLibrary2\ClassLibrary2.csproj", "{3F7A0F41-C3F6-4097-B1E5-F31A7A89F370}"
EndProject
Project("{FAE04EC0-301F-11D3-BF4B-00C04F79EFBC}") = "ClassLibrary3", "ClassLibrary3\ClassLibrary3.csproj", "{A7F7892D-D099-4A74-B854-67BF426C504F}"
EndProject
Global
	GlobalSection(SolutionConfigurationPlatforms) = preSolution
		Debug|Any CPU = Debug|Any CPU
		Debug|Mixed Platforms = Debug|Mixed Platforms
		Debug|x86 = Debug|x86
		Release|Any CPU = Release|Any CPU
		Release|Mixed Platforms = Release|Mixed Platforms
		Release|x86 = Release|x86
	EndGlobalSection
	GlobalSection(ProjectConfigurationPlatforms) = postSolution
		{F5BA9593-57CE-4A65-AC87-6CE3A71DBB0F}.Debug|Any CPU.ActiveCfg = Debug|x86
		{F5BA9593-57CE-4A65-AC87-6CE3A71DBB0F}.Debug|Mixed Platforms.ActiveCfg = Debug|x86
		{F5BA9593-57CE-4A65-AC87-6CE3A71DBB0F}.Debug|Mixed Platforms.Build.0 = Debug|x86
		{F5BA9593-57CE-4A65-AC87-6CE3A71DBB0F}.Debug|x86.ActiveCfg = Debug|x86
		{F5BA9593-57CE-4A65-AC87-6CE3A71DBB0F}.Debug|x86.Build.0 = Debug|x86
		{F5BA9593-57CE-4A65-AC87-6CE3A71DBB0F}.Release|Any CPU.ActiveCfg = Release|x86
		{F5BA9593-57CE-4A65-AC87-6CE3A71DBB0F}.Release|Mixed Platforms.ActiveCfg = Release|x86
		{F5BA9593-57CE-4A65-AC87-6CE3A71DBB0F}.Release|Mixed Platforms.Build.0 = Release|x86
		{F5BA9593-57CE-4A65-AC87-6CE3A71DBB0F}.Release|x86.ActiveCfg = Release|x86
		{F5BA9593-57CE-4A65-AC87-6CE3A71DBB0F}.Release|x86.Build.0 = Release|x86
		{07BD827B-C6E4-449D-A6AC-415B81329578}.Debug|Any CPU.ActiveCfg = Debug|Any CPU
		{07BD827B-C6E4-449D-A6AC-415B81329578}.Debug|Any CPU.Build.0 = Debug|Any CPU
		{07BD827B-C6E4-449D-A6AC-415B81329578}.Debug|Mixed Platforms.ActiveCfg = Debug|Any CPU
		{07BD827B-C6E4-449D-A6AC-415B81329578}.Debug|Mixed Platforms.Build.0 = Debug|Any CPU
		{07BD827B-C6E4-449D-A6AC-415B81329578}.Debug|x86.ActiveCfg = Debug|Any CPU
		{07BD827B-C6E4-449D-A6AC-415B81329578}.Release|Any CPU.ActiveCfg = Release|Any CPU
		{07BD827B-C6E4-449D-A6AC-415B81329578}.Release|Any CPU.Build.0 = Release|Any CPU
		{07BD827B-C6E4-449D-A6AC-415B81329578}.Release|Mixed Platforms.ActiveCfg = Release|Any CPU
		{07BD827B-C6E4-449D-A6AC-415B81329578}.Release|Mixed Platforms.Build.0 = Release|Any CPU
		{07BD827B-C6E4-449D-A6AC-415B81329578}.Release|x86.ActiveCfg = Release|Any CPU
		{3F7A0F41-C3F6-4097-B1E5-F31A7A89F370}.Debug|Any CPU.ActiveCfg = Debug|Any CPU
		{3F7A0F41-C3F6-4097-B1E5-F31A7A89F370}.Debug|Any CPU.Build.0 = Debug|Any CPU
		{3F7A0F41-C3F6-4097-B1E5-F31A7A89F370}.Debug|Mixed Platforms.ActiveCfg = Debug|Any CPU
		{3F7A0F41-C3F6-4097-B1E5-F31A7A89F370}.Debug|Mixed Platforms.Build.0 = Debug|Any CPU
		{3F7A0F41-C3F6-4097-B1E5-F31A7A89F370}.Debug|x86.ActiveCfg = Debug|Any CPU
		{3F7A0F41-C3F6-4097-B1E5-F31A7A89F370}.Release|Any CPU.ActiveCfg = Release|Any CPU
		{3F7A0F41-C3F6-4097-B1E5-F31A7A89F370}.Release|Any CPU.Build.0 = Release|Any CPU
		{3F7A0F41-C3F6-4097-B1E5-F31A7A89F370}.Release|Mixed Platforms.ActiveCfg = Release|Any CPU
		{3F7A0F41-C3F6-4097-B1E5-F31A7A89F370}.Release|Mixed Platforms.Build.0 = Release|Any CPU
		{3F7A0F41-C3F6-4097-B1E5-F31A7A89F370}.Release|x86.ActiveCfg = Release|Any CPU
		{A7F7892D-D099-4A74-B854-67BF426C504F}.Debug|Any CPU.ActiveCfg = Debug|Any CPU
		{A7F7892D-D099-4A74-B854-67BF426C504F}.Debug|Any CPU.Build.0 = Debug|Any CPU
		{A7F7892D-D099-4A74-B854-67BF426C504F}.Debug|Mixed Platforms.ActiveCfg = Debug|Any CPU
		{A7F7892D-D099-4A74-B854-67BF426C504F}.Debug|Mixed Platforms.Build.0 = Debug|Any CPU
		{A7F7892D-D099-4A74-B854-67BF426C504F}.Debug|x86.ActiveCfg = Debug|Any CPU
		{A7F7892D-D099-4A74-B854-67BF426C504F}.Release|Any CPU.ActiveCfg = Release|Any CPU
		{A7F7892D-D099-4A74-B854-67BF426C504F}.Release|Any CPU.Build.0 = Release|Any CPU
		{A7F7892D-D099-4A74-B854-67BF426C504F}.Release|Mixed Platforms.ActiveCfg = Release|Any CPU
		{A7F7892D-D099-4A74-B854-67BF426C504F}.Release|Mixed Platforms.Build.0 = Release|Any CPU
		{A7F7892D-D099-4A74-B854-67BF426C504F}.Release|x86.ActiveCfg = Release|Any CPU
	EndGlobalSection
	GlobalSection(SolutionProperties) = preSolution
		HideSolutionNode = FALSE
	EndGlobalSection
EndGlobal
